Microsoft Visual Studio Solution File, Format Version 11.00
# Visual Studio 2010
Project("{F184B08F-C81C-45F6-A57F-5ABD9991F28F}") = "GenericMonitor", "GenericMonitor\GenericMonitor.vbproj", "{78BDF177-308F-4400-A816-CF4ED9FBEF19}"
EndProject
Project("{F184B08F-C81C-45F6-A57F-5ABD9991F28F}") = "FileMonitor", "FileMonitor\FileMonitor.vbproj", "{4B9A5EB4-7323-4BC7-B8F4-BCDD947E50A6}"
EndProject
Project("{F184B08F-C81C-45F6-A57F-5ABD9991F28F}") = "PingMonitor", "PingMonitor\PingMonitor.vbproj", "{DDAF7E5B-1FB0-45FA-A856-2848F1C294A0}"
EndProject
Project("{F184B08F-C81C-45F6-A57F-5ABD9991F28F}") = "URLMonitor", "URLMonitor\URLMonitor.vbproj", "{BC518F34-2D56-434D-B2A3-61873AA15053}"
EndProject
Project("{F184B08F-C81C-45F6-A57F-5ABD9991F28F}") = "ServiceMonitor", "ServiceMonitor\ServiceMonitor.vbproj", "{0208BD2E-92BC-4359-B8A9-30CFDA51141B}"
EndProject
Project("{F184B08F-C81C-45F6-A57F-5ABD9991F28F}") = "PerfMonitor", "PerfMonitor\PerfMonitor.vbproj", "{FCA3BF49-A1B1-41CE-AAD9-CE5A7D798DA4}"
EndProject
Project("{F184B08F-C81C-45F6-A57F-5ABD9991F28F}") = "SNMPMonitor", "SNMPMonitor\SNMPMonitor.vbproj", "{17760443-80F9-4133-AF02-C1184D3D5903}"
EndProject
Project("{F184B08F-C81C-45F6-A57F-5ABD9991F28F}") = "PolyMon", "PolyMon\PolyMon.vbproj", "{939BD601-4965-4E4C-843A-24F75C291D42}"
EndProject
Project("{F184B08F-C81C-45F6-A57F-5ABD9991F28F}") = "PolyMonExecutive", "PolyMonExecutive\PolyMonExecutive.vbproj", "{F1F2A34D-2761-492E-93BD-38DD11C9C30E}"
EndProject
Project("{C8D11400-126E-41CD-887F-60BD40844F9E}") = "PolymonSQL", "PolymonSQL\PolymonSQL.dbproj", "{67CBC824-A49E-4E9B-A947-360F3DFE65C3}"
EndProject
Project("{FAE04EC0-301F-11D3-BF4B-00C04F79EFBC}") = "SNMP", "SNMP\SNMP.csproj", "{6742A8D6-BB8C-4528-AFEC-BA74DDEDA489}"
EndProject
Project("{F184B08F-C81C-45F6-A57F-5ABD9991F28F}") = "PolyMonManager", "PolyMonManager\PolyMonManager.vbproj", "{727F494B-02FB-4F27-A0D2-52FCDD4B8849}"
EndProject
Project("{F184B08F-C81C-45F6-A57F-5ABD9991F28F}") = "SQLMonitor", "SQLMonitor\SQLMonitor.vbproj", "{63A0EA88-A723-4EB4-ACC4-5E48801CB483}"
EndProject
Project("{F184B08F-C81C-45F6-A57F-5ABD9991F28F}") = "GenericXMLEditor", "GenericXMLEditor\GenericXMLEditor.vbproj", "{A6641431-056C-41FC-B96C-5F05E05BF38C}"
EndProject
Project("{F184B08F-C81C-45F6-A57F-5ABD9991F28F}") = "GenericMonitorEditor", "GenericMonitorEditor\GenericMonitorEditor.vbproj", "{04FB751F-CCCB-41AD-A1DB-BD15D99C618B}"
EndProject
Project("{F184B08F-C81C-45F6-A57F-5ABD9991F28F}") = "PingMonitorEditor", "PingMonitorEditor\PingMonitorEditor.vbproj", "{0209F0E2-B770-4F5D-84D0-E11B11F0E89E}"
EndProject
Project("{F184B08F-C81C-45F6-A57F-5ABD9991F28F}") = "ServiceMonitorEditor", "ServiceMonitorEditor\ServiceMonitorEditor.vbproj", "{534F7428-D8F0-4FC5-B701-EB6BE3C21CE7}"
EndProject
Project("{F184B08F-C81C-45F6-A57F-5ABD9991F28F}") = "URLMonitorEditor", "URLMonitorEditor\URLMonitorEditor.vbproj", "{78F3C1F4-924B-4D8B-AAEE-9EB63D56746D}"
EndProject
Project("{F184B08F-C81C-45F6-A57F-5ABD9991F28F}") = "FileMonitorEditor", "FileMonitorEditor\FileMonitorEditor.vbproj", "{2C7FE5EE-B771-4252-9B3F-14798ABC6066}"
EndProject
Project("{F184B08F-C81C-45F6-A57F-5ABD9991F28F}") = "SNMPMonitorEditor", "SNMPMonitorEditor\SNMPMonitorEditor.vbproj", "{FD534B17-7334-46F1-B53B-D56B544B1D36}"
EndProject
Project("{F184B08F-C81C-45F6-A57F-5ABD9991F28F}") = "PerfMonitorEditor", "PerfMonitorEditor\PerfMonitorEditor.vbproj", "{1B35694E-72ED-4F07-AF2F-9E2BC9A4BD17}"
EndProject
Project("{F184B08F-C81C-45F6-A57F-5ABD9991F28F}") = "TCPPortMonitor", "TCPMonitor\TCPPortMonitor.vbproj", "{EEB4980D-378E-4C5D-8FCF-0D39F11AFCF2}"
EndProject
Project("{F184B08F-C81C-45F6-A57F-5ABD9991F28F}") = "TCPPortMonitorEditor", "TCPPortMonitorEditor\TCPPortMonitorEditor.vbproj", "{1A5F56AE-C03F-497C-866D-39E6EB93C826}"
EndProject
Project("{F184B08F-C81C-45F6-A57F-5ABD9991F28F}") = "URLXMLMonitor", "URLXMLMonitor\URLXMLMonitor.vbproj", "{8CFE3205-5E3C-4F20-A5C3-4A2857E8E3F7}"
EndProject
Project("{F184B08F-C81C-45F6-A57F-5ABD9991F28F}") = "URLXMLMonitorEditor", "URLXMLMonitorEditor\URLXMLMonitorEditor.vbproj", "{68FF3C2A-CEF7-4D91-A14E-53C8D64EF26A}"
EndProject
Project("{F184B08F-C81C-45F6-A57F-5ABD9991F28F}") = "WMIMonitor", "WMIMonitor\WMIMonitor.vbproj", "{3840FAE7-5165-46F6-A768-FBA1E58B3133}"
EndProject
Project("{F184B08F-C81C-45F6-A57F-5ABD9991F28F}") = "WMIMonitorEditor", "WMIMonitorEditor\WMIMonitorEditor.vbproj", "{472F52E8-F6AA-492A-BD72-4AA0624E4E43}"
EndProject
Project("{F184B08F-C81C-45F6-A57F-5ABD9991F28F}") = "PolyMonNotifier", "PolyMonNotifier\PolyMonNotifier.vbproj", "{3A2B17F1-9A73-49A5-A27E-64338DA102E2}"
EndProject
Project("{F184B08F-C81C-45F6-A57F-5ABD9991F28F}") = "PowerShellMonitor", "PowerShellMonitor\PowerShellMonitor.vbproj", "{2D9CA61A-8188-4803-ADC2-915C053D33F0}"
EndProject
Project("{F184B08F-C81C-45F6-A57F-5ABD9991F28F}") = "PowerShellMonitorEditor", "PowerShellMonitorEditor\PowerShellMonitorEditor.vbproj", "{121370F2-8520-4080-892F-908665B7D186}"
EndProject
Project("{F184B08F-C81C-45F6-A57F-5ABD9991F28F}") = "DiskMonitor", "DiskMonitor\DiskMonitor.vbproj", "{4105EE87-3B0E-4A38-8679-AC17A4EBB424}"
EndProject
Project("{F184B08F-C81C-45F6-A57F-5ABD9991F28F}") = "DiskMonitorEditor", "DiskMonitorEditor\DiskMonitorEditor.vbproj", "{BC867583-26EA-45FB-A40E-35AFBA560F83}"
EndProject
Project("{F184B08F-C81C-45F6-A57F-5ABD9991F28F}") = "CPUMonitorEditor", "CPUMonitorEditor\CPUMonitorEditor.vbproj", "{7ACA248B-7BAE-4FB4-9EA1-FCE58F1F32C6}"
EndProject
Project("{F184B08F-C81C-45F6-A57F-5ABD9991F28F}") = "CPUMonitor", "CPUMonitor\CPUMonitor.vbproj", "{C05C1848-E8B8-4458-A213-336169262373}"
EndProject
Project("{930C7802-8A8C-48F9-8165-68863BCCD9DD}") = "PolyMon Installation", "PolyMon Installation\PolyMon Installation.wixproj", "{E1F9EAD0-730B-44D0-B77B-7D3679D40CD9}"
	ProjectSection(ProjectDependencies) = postProject
		{939BD601-4965-4E4C-843A-24F75C291D42} = {939BD601-4965-4E4C-843A-24F75C291D42}
		{8CFE3205-5E3C-4F20-A5C3-4A2857E8E3F7} = {8CFE3205-5E3C-4F20-A5C3-4A2857E8E3F7}
		{EEB4980D-378E-4C5D-8FCF-0D39F11AFCF2} = {EEB4980D-378E-4C5D-8FCF-0D39F11AFCF2}
		{FD534B17-7334-46F1-B53B-D56B544B1D36} = {FD534B17-7334-46F1-B53B-D56B544B1D36}
		{2D9CA61A-8188-4803-ADC2-915C053D33F0} = {2D9CA61A-8188-4803-ADC2-915C053D33F0}
		{04FB751F-CCCB-41AD-A1DB-BD15D99C618B} = {04FB751F-CCCB-41AD-A1DB-BD15D99C618B}
		{67CBC824-A49E-4E9B-A947-360F3DFE65C3} = {67CBC824-A49E-4E9B-A947-360F3DFE65C3}
		{534F7428-D8F0-4FC5-B701-EB6BE3C21CE7} = {534F7428-D8F0-4FC5-B701-EB6BE3C21CE7}
		{68FF3C2A-CEF7-4D91-A14E-53C8D64EF26A} = {68FF3C2A-CEF7-4D91-A14E-53C8D64EF26A}
		{0208BD2E-92BC-4359-B8A9-30CFDA51141B} = {0208BD2E-92BC-4359-B8A9-30CFDA51141B}
		{A6641431-056C-41FC-B96C-5F05E05BF38C} = {A6641431-056C-41FC-B96C-5F05E05BF38C}
		{BC518F34-2D56-434D-B2A3-61873AA15053} = {BC518F34-2D56-434D-B2A3-61873AA15053}
		{17760443-80F9-4133-AF02-C1184D3D5903} = {17760443-80F9-4133-AF02-C1184D3D5903}
		{C05C1848-E8B8-4458-A213-336169262373} = {C05C1848-E8B8-4458-A213-336169262373}
		{FCA3BF49-A1B1-41CE-AAD9-CE5A7D798DA4} = {FCA3BF49-A1B1-41CE-AAD9-CE5A7D798DA4}
		{727F494B-02FB-4F27-A0D2-52FCDD4B8849} = {727F494B-02FB-4F27-A0D2-52FCDD4B8849}
		{F1F2A34D-2761-492E-93BD-38DD11C9C30E} = {F1F2A34D-2761-492E-93BD-38DD11C9C30E}
		{1B35694E-72ED-4F07-AF2F-9E2BC9A4BD17} = {1B35694E-72ED-4F07-AF2F-9E2BC9A4BD17}
		{DDAF7E5B-1FB0-45FA-A856-2848F1C294A0} = {DDAF7E5B-1FB0-45FA-A856-2848F1C294A0}
		{78BDF177-308F-4400-A816-CF4ED9FBEF19} = {78BDF177-308F-4400-A816-CF4ED9FBEF19}
		{BC867583-26EA-45FB-A40E-35AFBA560F83} = {BC867583-26EA-45FB-A40E-35AFBA560F83}
		{4105EE87-3B0E-4A38-8679-AC17A4EBB424} = {4105EE87-3B0E-4A38-8679-AC17A4EBB424}
		{63A0EA88-A723-4EB4-ACC4-5E48801CB483} = {63A0EA88-A723-4EB4-ACC4-5E48801CB483}
		{7ACA248B-7BAE-4FB4-9EA1-FCE58F1F32C6} = {7ACA248B-7BAE-4FB4-9EA1-FCE58F1F32C6}
		{1A5F56AE-C03F-497C-866D-39E6EB93C826} = {1A5F56AE-C03F-497C-866D-39E6EB93C826}
		{4B9A5EB4-7323-4BC7-B8F4-BCDD947E50A6} = {4B9A5EB4-7323-4BC7-B8F4-BCDD947E50A6}
		{6742A8D6-BB8C-4528-AFEC-BA74DDEDA489} = {6742A8D6-BB8C-4528-AFEC-BA74DDEDA489}
		{0209F0E2-B770-4F5D-84D0-E11B11F0E89E} = {0209F0E2-B770-4F5D-84D0-E11B11F0E89E}
		{3840FAE7-5165-46F6-A768-FBA1E58B3133} = {3840FAE7-5165-46F6-A768-FBA1E58B3133}
		{472F52E8-F6AA-492A-BD72-4AA0624E4E43} = {472F52E8-F6AA-492A-BD72-4AA0624E4E43}
		{2C7FE5EE-B771-4252-9B3F-14798ABC6066} = {2C7FE5EE-B771-4252-9B3F-14798ABC6066}
		{3A2B17F1-9A73-49A5-A27E-64338DA102E2} = {3A2B17F1-9A73-49A5-A27E-64338DA102E2}
		{121370F2-8520-4080-892F-908665B7D186} = {121370F2-8520-4080-892F-908665B7D186}
		{78F3C1F4-924B-4D8B-AAEE-9EB63D56746D} = {78F3C1F4-924B-4D8B-AAEE-9EB63D56746D}
	EndProjectSection
EndProject
Global
	GlobalSection(TeamFoundationVersionControl) = preSolution
		SccNumberOfProjects = 1
		SccEnterpriseProvider = {4CA58AB2-18FA-4F8D-95D4-32DDF27D184C}
		SccTeamFoundationServer = https://tfs.codeplex.com/tfs/tfs01
		SccProjectUniqueName0 = PolymonSQL\\PolymonSQL.dbproj
		SccProjectName0 = PolymonSQL
		SccAuxPath0 = https://tfs.codeplex.com/tfs/tfs01
		SccLocalPath0 = PolymonSQL
		SccProvider0 = {4CA58AB2-18FA-4F8D-95D4-32DDF27D184C}
	EndGlobalSection
	GlobalSection(SolutionConfigurationPlatforms) = preSolution
		Debug|Any CPU = Debug|Any CPU
		Debug|Mixed Platforms = Debug|Mixed Platforms
		Debug|x86 = Debug|x86
		Release|Any CPU = Release|Any CPU
		Release|Mixed Platforms = Release|Mixed Platforms
		Release|x86 = Release|x86
	EndGlobalSection
	GlobalSection(ProjectConfigurationPlatforms) = postSolution
		{78BDF177-308F-4400-A816-CF4ED9FBEF19}.Debug|Any CPU.ActiveCfg = Debug|Any CPU
		{78BDF177-308F-4400-A816-CF4ED9FBEF19}.Debug|Any CPU.Build.0 = Debug|Any CPU
		{78BDF177-308F-4400-A816-CF4ED9FBEF19}.Debug|Mixed Platforms.ActiveCfg = Debug|Any CPU
		{78BDF177-308F-4400-A816-CF4ED9FBEF19}.Debug|Mixed Platforms.Build.0 = Debug|Any CPU
		{78BDF177-308F-4400-A816-CF4ED9FBEF19}.Debug|x86.ActiveCfg = Debug|x86
		{78BDF177-308F-4400-A816-CF4ED9FBEF19}.Debug|x86.Build.0 = Debug|x86
		{78BDF177-308F-4400-A816-CF4ED9FBEF19}.Release|Any CPU.ActiveCfg = Release|Any CPU
		{78BDF177-308F-4400-A816-CF4ED9FBEF19}.Release|Any CPU.Build.0 = Release|Any CPU
		{78BDF177-308F-4400-A816-CF4ED9FBEF19}.Release|Mixed Platforms.ActiveCfg = Release|Any CPU
		{78BDF177-308F-4400-A816-CF4ED9FBEF19}.Release|Mixed Platforms.Build.0 = Release|Any CPU
		{78BDF177-308F-4400-A816-CF4ED9FBEF19}.Release|x86.ActiveCfg = Release|x86
		{78BDF177-308F-4400-A816-CF4ED9FBEF19}.Release|x86.Build.0 = Release|x86
		{4B9A5EB4-7323-4BC7-B8F4-BCDD947E50A6}.Debug|Any CPU.ActiveCfg = Debug|Any CPU
		{4B9A5EB4-7323-4BC7-B8F4-BCDD947E50A6}.Debug|Any CPU.Build.0 = Debug|Any CPU
		{4B9A5EB4-7323-4BC7-B8F4-BCDD947E50A6}.Debug|Mixed Platforms.ActiveCfg = Debug|Any CPU
		{4B9A5EB4-7323-4BC7-B8F4-BCDD947E50A6}.Debug|Mixed Platforms.Build.0 = Debug|Any CPU
		{4B9A5EB4-7323-4BC7-B8F4-BCDD947E50A6}.Debug|x86.ActiveCfg = Debug|x86
		{4B9A5EB4-7323-4BC7-B8F4-BCDD947E50A6}.Debug|x86.Build.0 = Debug|x86
		{4B9A5EB4-7323-4BC7-B8F4-BCDD947E50A6}.Release|Any CPU.ActiveCfg = Release|Any CPU
		{4B9A5EB4-7323-4BC7-B8F4-BCDD947E50A6}.Release|Any CPU.Build.0 = Release|Any CPU
		{4B9A5EB4-7323-4BC7-B8F4-BCDD947E50A6}.Release|Mixed Platforms.ActiveCfg = Release|Any CPU
		{4B9A5EB4-7323-4BC7-B8F4-BCDD947E50A6}.Release|Mixed Platforms.Build.0 = Release|Any CPU
		{4B9A5EB4-7323-4BC7-B8F4-BCDD947E50A6}.Release|x86.ActiveCfg = Release|x86
		{4B9A5EB4-7323-4BC7-B8F4-BCDD947E50A6}.Release|x86.Build.0 = Release|x86
		{DDAF7E5B-1FB0-45FA-A856-2848F1C294A0}.Debug|Any CPU.ActiveCfg = Debug|Any CPU
		{DDAF7E5B-1FB0-45FA-A856-2848F1C294A0}.Debug|Any CPU.Build.0 = Debug|Any CPU
		{DDAF7E5B-1FB0-45FA-A856-2848F1C294A0}.Debug|Mixed Platforms.ActiveCfg = Debug|Any CPU
		{DDAF7E5B-1FB0-45FA-A856-2848F1C294A0}.Debug|Mixed Platforms.Build.0 = Debug|Any CPU
		{DDAF7E5B-1FB0-45FA-A856-2848F1C294A0}.Debug|x86.ActiveCfg = Debug|x86
		{DDAF7E5B-1FB0-45FA-A856-2848F1C294A0}.Debug|x86.Build.0 = Debug|x86
		{DDAF7E5B-1FB0-45FA-A856-2848F1C294A0}.Release|Any CPU.ActiveCfg = Release|Any CPU
		{DDAF7E5B-1FB0-45FA-A856-2848F1C294A0}.Release|Any CPU.Build.0 = Release|Any CPU
		{DDAF7E5B-1FB0-45FA-A856-2848F1C294A0}.Release|Mixed Platforms.ActiveCfg = Release|Any CPU
		{DDAF7E5B-1FB0-45FA-A856-2848F1C294A0}.Release|Mixed Platforms.Build.0 = Release|Any CPU
		{DDAF7E5B-1FB0-45FA-A856-2848F1C294A0}.Release|x86.ActiveCfg = Release|x86
		{DDAF7E5B-1FB0-45FA-A856-2848F1C294A0}.Release|x86.Build.0 = Release|x86
		{BC518F34-2D56-434D-B2A3-61873AA15053}.Debug|Any CPU.ActiveCfg = Debug|Any CPU
		{BC518F34-2D56-434D-B2A3-61873AA15053}.Debug|Any CPU.Build.0 = Debug|Any CPU
		{BC518F34-2D56-434D-B2A3-61873AA15053}.Debug|Mixed Platforms.ActiveCfg = Debug|Any CPU
		{BC518F34-2D56-434D-B2A3-61873AA15053}.Debug|Mixed Platforms.Build.0 = Debug|Any CPU
		{BC518F34-2D56-434D-B2A3-61873AA15053}.Debug|x86.ActiveCfg = Debug|x86
		{BC518F34-2D56-434D-B2A3-61873AA15053}.Debug|x86.Build.0 = Debug|x86
		{BC518F34-2D56-434D-B2A3-61873AA15053}.Release|Any CPU.ActiveCfg = Release|Any CPU
		{BC518F34-2D56-434D-B2A3-61873AA15053}.Release|Any CPU.Build.0 = Release|Any CPU
		{BC518F34-2D56-434D-B2A3-61873AA15053}.Release|Mixed Platforms.ActiveCfg = Release|Any CPU
		{BC518F34-2D56-434D-B2A3-61873AA15053}.Release|Mixed Platforms.Build.0 = Release|Any CPU
		{BC518F34-2D56-434D-B2A3-61873AA15053}.Release|x86.ActiveCfg = Release|x86
		{BC518F34-2D56-434D-B2A3-61873AA15053}.Release|x86.Build.0 = Release|x86
		{0208BD2E-92BC-4359-B8A9-30CFDA51141B}.Debug|Any CPU.ActiveCfg = Debug|Any CPU
		{0208BD2E-92BC-4359-B8A9-30CFDA51141B}.Debug|Any CPU.Build.0 = Debug|Any CPU
		{0208BD2E-92BC-4359-B8A9-30CFDA51141B}.Debug|Mixed Platforms.ActiveCfg = Debug|Any CPU
		{0208BD2E-92BC-4359-B8A9-30CFDA51141B}.Debug|Mixed Platforms.Build.0 = Debug|Any CPU
		{0208BD2E-92BC-4359-B8A9-30CFDA51141B}.Debug|x86.ActiveCfg = Debug|x86
		{0208BD2E-92BC-4359-B8A9-30CFDA51141B}.Debug|x86.Build.0 = Debug|x86
		{0208BD2E-92BC-4359-B8A9-30CFDA51141B}.Release|Any CPU.ActiveCfg = Release|Any CPU
		{0208BD2E-92BC-4359-B8A9-30CFDA51141B}.Release|Any CPU.Build.0 = Release|Any CPU
		{0208BD2E-92BC-4359-B8A9-30CFDA51141B}.Release|Mixed Platforms.ActiveCfg = Release|Any CPU
		{0208BD2E-92BC-4359-B8A9-30CFDA51141B}.Release|Mixed Platforms.Build.0 = Release|Any CPU
		{0208BD2E-92BC-4359-B8A9-30CFDA51141B}.Release|x86.ActiveCfg = Release|x86
		{0208BD2E-92BC-4359-B8A9-30CFDA51141B}.Release|x86.Build.0 = Release|x86
		{FCA3BF49-A1B1-41CE-AAD9-CE5A7D798DA4}.Debug|Any CPU.ActiveCfg = Debug|Any CPU
		{FCA3BF49-A1B1-41CE-AAD9-CE5A7D798DA4}.Debug|Any CPU.Build.0 = Debug|Any CPU
		{FCA3BF49-A1B1-41CE-AAD9-CE5A7D798DA4}.Debug|Mixed Platforms.ActiveCfg = Debug|Any CPU
		{FCA3BF49-A1B1-41CE-AAD9-CE5A7D798DA4}.Debug|Mixed Platforms.Build.0 = Debug|Any CPU
		{FCA3BF49-A1B1-41CE-AAD9-CE5A7D798DA4}.Debug|x86.ActiveCfg = Debug|x86
		{FCA3BF49-A1B1-41CE-AAD9-CE5A7D798DA4}.Debug|x86.Build.0 = Debug|x86
		{FCA3BF49-A1B1-41CE-AAD9-CE5A7D798DA4}.Release|Any CPU.ActiveCfg = Release|Any CPU
		{FCA3BF49-A1B1-41CE-AAD9-CE5A7D798DA4}.Release|Any CPU.Build.0 = Release|Any CPU
		{FCA3BF49-A1B1-41CE-AAD9-CE5A7D798DA4}.Release|Mixed Platforms.ActiveCfg = Release|Any CPU
		{FCA3BF49-A1B1-41CE-AAD9-CE5A7D798DA4}.Release|Mixed Platforms.Build.0 = Release|Any CPU
		{FCA3BF49-A1B1-41CE-AAD9-CE5A7D798DA4}.Release|x86.ActiveCfg = Release|x86
		{FCA3BF49-A1B1-41CE-AAD9-CE5A7D798DA4}.Release|x86.Build.0 = Release|x86
		{17760443-80F9-4133-AF02-C1184D3D5903}.Debug|Any CPU.ActiveCfg = Debug|Any CPU
		{17760443-80F9-4133-AF02-C1184D3D5903}.Debug|Any CPU.Build.0 = Debug|Any CPU
		{17760443-80F9-4133-AF02-C1184D3D5903}.Debug|Mixed Platforms.ActiveCfg = Debug|Any CPU
		{17760443-80F9-4133-AF02-C1184D3D5903}.Debug|Mixed Platforms.Build.0 = Debug|Any CPU
		{17760443-80F9-4133-AF02-C1184D3D5903}.Debug|x86.ActiveCfg = Debug|x86
		{17760443-80F9-4133-AF02-C1184D3D5903}.Debug|x86.Build.0 = Debug|x86
		{17760443-80F9-4133-AF02-C1184D3D5903}.Release|Any CPU.ActiveCfg = Release|Any CPU
		{17760443-80F9-4133-AF02-C1184D3D5903}.Release|Any CPU.Build.0 = Release|Any CPU
		{17760443-80F9-4133-AF02-C1184D3D5903}.Release|Mixed Platforms.ActiveCfg = Release|Any CPU
		{17760443-80F9-4133-AF02-C1184D3D5903}.Release|Mixed Platforms.Build.0 = Release|Any CPU
		{17760443-80F9-4133-AF02-C1184D3D5903}.Release|x86.ActiveCfg = Release|x86
		{17760443-80F9-4133-AF02-C1184D3D5903}.Release|x86.Build.0 = Release|x86
		{939BD601-4965-4E4C-843A-24F75C291D42}.Debug|Any CPU.ActiveCfg = Debug|Any CPU
		{939BD601-4965-4E4C-843A-24F75C291D42}.Debug|Any CPU.Build.0 = Debug|Any CPU
		{939BD601-4965-4E4C-843A-24F75C291D42}.Debug|Mixed Platforms.ActiveCfg = Debug|Any CPU
		{939BD601-4965-4E4C-843A-24F75C291D42}.Debug|Mixed Platforms.Build.0 = Debug|Any CPU
		{939BD601-4965-4E4C-843A-24F75C291D42}.Debug|x86.ActiveCfg = Debug|x86
		{939BD601-4965-4E4C-843A-24F75C291D42}.Debug|x86.Build.0 = Debug|x86
		{939BD601-4965-4E4C-843A-24F75C291D42}.Release|Any CPU.ActiveCfg = Release|Any CPU
		{939BD601-4965-4E4C-843A-24F75C291D42}.Release|Any CPU.Build.0 = Release|Any CPU
		{939BD601-4965-4E4C-843A-24F75C291D42}.Release|Mixed Platforms.ActiveCfg = Release|Any CPU
		{939BD601-4965-4E4C-843A-24F75C291D42}.Release|Mixed Platforms.Build.0 = Release|Any CPU
		{939BD601-4965-4E4C-843A-24F75C291D42}.Release|x86.ActiveCfg = Release|x86
		{939BD601-4965-4E4C-843A-24F75C291D42}.Release|x86.Build.0 = Release|x86
		{F1F2A34D-2761-492E-93BD-38DD11C9C30E}.Debug|Any CPU.ActiveCfg = Debug|Any CPU
		{F1F2A34D-2761-492E-93BD-38DD11C9C30E}.Debug|Any CPU.Build.0 = Debug|Any CPU
		{F1F2A34D-2761-492E-93BD-38DD11C9C30E}.Debug|Mixed Platforms.ActiveCfg = Debug|Any CPU
		{F1F2A34D-2761-492E-93BD-38DD11C9C30E}.Debug|Mixed Platforms.Build.0 = Debug|Any CPU
		{F1F2A34D-2761-492E-93BD-38DD11C9C30E}.Debug|x86.ActiveCfg = Debug|x86
		{F1F2A34D-2761-492E-93BD-38DD11C9C30E}.Debug|x86.Build.0 = Debug|x86
		{F1F2A34D-2761-492E-93BD-38DD11C9C30E}.Release|Any CPU.ActiveCfg = Release|Any CPU
		{F1F2A34D-2761-492E-93BD-38DD11C9C30E}.Release|Any CPU.Build.0 = Release|Any CPU
		{F1F2A34D-2761-492E-93BD-38DD11C9C30E}.Release|Mixed Platforms.ActiveCfg = Release|Any CPU
		{F1F2A34D-2761-492E-93BD-38DD11C9C30E}.Release|Mixed Platforms.Build.0 = Release|Any CPU
		{F1F2A34D-2761-492E-93BD-38DD11C9C30E}.Release|x86.ActiveCfg = Release|x86
		{F1F2A34D-2761-492E-93BD-38DD11C9C30E}.Release|x86.Build.0 = Release|x86
		{67CBC824-A49E-4E9B-A947-360F3DFE65C3}.Debug|Any CPU.ActiveCfg = Debug|Any CPU
		{67CBC824-A49E-4E9B-A947-360F3DFE65C3}.Debug|Mixed Platforms.ActiveCfg = Debug|Any CPU
		{67CBC824-A49E-4E9B-A947-360F3DFE65C3}.Debug|Mixed Platforms.Build.0 = Debug|Any CPU
		{67CBC824-A49E-4E9B-A947-360F3DFE65C3}.Debug|Mixed Platforms.Deploy.0 = Debug|Any CPU
		{67CBC824-A49E-4E9B-A947-360F3DFE65C3}.Debug|x86.ActiveCfg = Debug|Any CPU
		{67CBC824-A49E-4E9B-A947-360F3DFE65C3}.Release|Any CPU.ActiveCfg = Release|Any CPU
		{67CBC824-A49E-4E9B-A947-360F3DFE65C3}.Release|Mixed Platforms.ActiveCfg = Release|Any CPU
		{67CBC824-A49E-4E9B-A947-360F3DFE65C3}.Release|Mixed Platforms.Build.0 = Release|Any CPU
		{67CBC824-A49E-4E9B-A947-360F3DFE65C3}.Release|Mixed Platforms.Deploy.0 = Release|Any CPU
		{67CBC824-A49E-4E9B-A947-360F3DFE65C3}.Release|x86.ActiveCfg = Release|Any CPU
		{6742A8D6-BB8C-4528-AFEC-BA74DDEDA489}.Debug|Any CPU.ActiveCfg = Debug|Any CPU
		{6742A8D6-BB8C-4528-AFEC-BA74DDEDA489}.Debug|Any CPU.Build.0 = Debug|Any CPU
		{6742A8D6-BB8C-4528-AFEC-BA74DDEDA489}.Debug|Mixed Platforms.ActiveCfg = Debug|Any CPU
		{6742A8D6-BB8C-4528-AFEC-BA74DDEDA489}.Debug|Mixed Platforms.Build.0 = Debug|Any CPU
		{6742A8D6-BB8C-4528-AFEC-BA74DDEDA489}.Debug|x86.ActiveCfg = Debug|x86
		{6742A8D6-BB8C-4528-AFEC-BA74DDEDA489}.Debug|x86.Build.0 = Debug|x86
		{6742A8D6-BB8C-4528-AFEC-BA74DDEDA489}.Release|Any CPU.ActiveCfg = Release|Any CPU
		{6742A8D6-BB8C-4528-AFEC-BA74DDEDA489}.Release|Any CPU.Build.0 = Release|Any CPU
		{6742A8D6-BB8C-4528-AFEC-BA74DDEDA489}.Release|Mixed Platforms.ActiveCfg = Release|Any CPU
		{6742A8D6-BB8C-4528-AFEC-BA74DDEDA489}.Release|Mixed Platforms.Build.0 = Release|Any CPU
		{6742A8D6-BB8C-4528-AFEC-BA74DDEDA489}.Release|x86.ActiveCfg = Release|x86
		{6742A8D6-BB8C-4528-AFEC-BA74DDEDA489}.Release|x86.Build.0 = Release|x86
		{727F494B-02FB-4F27-A0D2-52FCDD4B8849}.Debug|Any CPU.ActiveCfg = Debug|Any CPU
		{727F494B-02FB-4F27-A0D2-52FCDD4B8849}.Debug|Any CPU.Build.0 = Debug|Any CPU
		{727F494B-02FB-4F27-A0D2-52FCDD4B8849}.Debug|Mixed Platforms.ActiveCfg = Debug|Any CPU
		{727F494B-02FB-4F27-A0D2-52FCDD4B8849}.Debug|Mixed Platforms.Build.0 = Debug|Any CPU
		{727F494B-02FB-4F27-A0D2-52FCDD4B8849}.Debug|x86.ActiveCfg = Debug|x86
		{727F494B-02FB-4F27-A0D2-52FCDD4B8849}.Debug|x86.Build.0 = Debug|x86
		{727F494B-02FB-4F27-A0D2-52FCDD4B8849}.Release|Any CPU.ActiveCfg = Release|Any CPU
		{727F494B-02FB-4F27-A0D2-52FCDD4B8849}.Release|Any CPU.Build.0 = Release|Any CPU
		{727F494B-02FB-4F27-A0D2-52FCDD4B8849}.Release|Mixed Platforms.ActiveCfg = Release|Any CPU
		{727F494B-02FB-4F27-A0D2-52FCDD4B8849}.Release|Mixed Platforms.Build.0 = Release|Any CPU
		{727F494B-02FB-4F27-A0D2-52FCDD4B8849}.Release|x86.ActiveCfg = Release|x86
		{727F494B-02FB-4F27-A0D2-52FCDD4B8849}.Release|x86.Build.0 = Release|x86
		{63A0EA88-A723-4EB4-ACC4-5E48801CB483}.Debug|Any CPU.ActiveCfg = Debug|Any CPU
		{63A0EA88-A723-4EB4-ACC4-5E48801CB483}.Debug|Any CPU.Build.0 = Debug|Any CPU
		{63A0EA88-A723-4EB4-ACC4-5E48801CB483}.Debug|Mixed Platforms.ActiveCfg = Debug|Any CPU
		{63A0EA88-A723-4EB4-ACC4-5E48801CB483}.Debug|Mixed Platforms.Build.0 = Debug|Any CPU
		{63A0EA88-A723-4EB4-ACC4-5E48801CB483}.Debug|x86.ActiveCfg = Debug|x86
		{63A0EA88-A723-4EB4-ACC4-5E48801CB483}.Debug|x86.Build.0 = Debug|x86
		{63A0EA88-A723-4EB4-ACC4-5E48801CB483}.Release|Any CPU.ActiveCfg = Release|Any CPU
		{63A0EA88-A723-4EB4-ACC4-5E48801CB483}.Release|Any CPU.Build.0 = Release|Any CPU
		{63A0EA88-A723-4EB4-ACC4-5E48801CB483}.Release|Mixed Platforms.ActiveCfg = Release|Any CPU
		{63A0EA88-A723-4EB4-ACC4-5E48801CB483}.Release|Mixed Platforms.Build.0 = Release|Any CPU
		{63A0EA88-A723-4EB4-ACC4-5E48801CB483}.Release|x86.ActiveCfg = Release|x86
		{63A0EA88-A723-4EB4-ACC4-5E48801CB483}.Release|x86.Build.0 = Release|x86
		{A6641431-056C-41FC-B96C-5F05E05BF38C}.Debug|Any CPU.ActiveCfg = Debug|Any CPU
		{A6641431-056C-41FC-B96C-5F05E05BF38C}.Debug|Any CPU.Build.0 = Debug|Any CPU
		{A6641431-056C-41FC-B96C-5F05E05BF38C}.Debug|Mixed Platforms.ActiveCfg = Debug|Any CPU
		{A6641431-056C-41FC-B96C-5F05E05BF38C}.Debug|Mixed Platforms.Build.0 = Debug|Any CPU
		{A6641431-056C-41FC-B96C-5F05E05BF38C}.Debug|x86.ActiveCfg = Debug|x86
		{A6641431-056C-41FC-B96C-5F05E05BF38C}.Debug|x86.Build.0 = Debug|x86
		{A6641431-056C-41FC-B96C-5F05E05BF38C}.Release|Any CPU.ActiveCfg = Release|Any CPU
		{A6641431-056C-41FC-B96C-5F05E05BF38C}.Release|Any CPU.Build.0 = Release|Any CPU
		{A6641431-056C-41FC-B96C-5F05E05BF38C}.Release|Mixed Platforms.ActiveCfg = Release|Any CPU
		{A6641431-056C-41FC-B96C-5F05E05BF38C}.Release|Mixed Platforms.Build.0 = Release|Any CPU
		{A6641431-056C-41FC-B96C-5F05E05BF38C}.Release|x86.ActiveCfg = Release|x86
		{A6641431-056C-41FC-B96C-5F05E05BF38C}.Release|x86.Build.0 = Release|x86
		{04FB751F-CCCB-41AD-A1DB-BD15D99C618B}.Debug|Any CPU.ActiveCfg = Debug|Any CPU
		{04FB751F-CCCB-41AD-A1DB-BD15D99C618B}.Debug|Any CPU.Build.0 = Debug|Any CPU
		{04FB751F-CCCB-41AD-A1DB-BD15D99C618B}.Debug|Mixed Platforms.ActiveCfg = Debug|Any CPU
		{04FB751F-CCCB-41AD-A1DB-BD15D99C618B}.Debug|Mixed Platforms.Build.0 = Debug|Any CPU
		{04FB751F-CCCB-41AD-A1DB-BD15D99C618B}.Debug|x86.ActiveCfg = Debug|x86
		{04FB751F-CCCB-41AD-A1DB-BD15D99C618B}.Debug|x86.Build.0 = Debug|x86
		{04FB751F-CCCB-41AD-A1DB-BD15D99C618B}.Release|Any CPU.ActiveCfg = Release|Any CPU
		{04FB751F-CCCB-41AD-A1DB-BD15D99C618B}.Release|Any CPU.Build.0 = Release|Any CPU
		{04FB751F-CCCB-41AD-A1DB-BD15D99C618B}.Release|Mixed Platforms.ActiveCfg = Release|Any CPU
		{04FB751F-CCCB-41AD-A1DB-BD15D99C618B}.Release|Mixed Platforms.Build.0 = Release|Any CPU
		{04FB751F-CCCB-41AD-A1DB-BD15D99C618B}.Release|x86.ActiveCfg = Release|x86
		{04FB751F-CCCB-41AD-A1DB-BD15D99C618B}.Release|x86.Build.0 = Release|x86
		{0209F0E2-B770-4F5D-84D0-E11B11F0E89E}.Debug|Any CPU.ActiveCfg = Debug|Any CPU
		{0209F0E2-B770-4F5D-84D0-E11B11F0E89E}.Debug|Any CPU.Build.0 = Debug|Any CPU
		{0209F0E2-B770-4F5D-84D0-E11B11F0E89E}.Debug|Mixed Platforms.ActiveCfg = Debug|Any CPU
		{0209F0E2-B770-4F5D-84D0-E11B11F0E89E}.Debug|Mixed Platforms.Build.0 = Debug|Any CPU
		{0209F0E2-B770-4F5D-84D0-E11B11F0E89E}.Debug|x86.ActiveCfg = Debug|x86
		{0209F0E2-B770-4F5D-84D0-E11B11F0E89E}.Debug|x86.Build.0 = Debug|x86
		{0209F0E2-B770-4F5D-84D0-E11B11F0E89E}.Release|Any CPU.ActiveCfg = Release|Any CPU
		{0209F0E2-B770-4F5D-84D0-E11B11F0E89E}.Release|Any CPU.Build.0 = Release|Any CPU
		{0209F0E2-B770-4F5D-84D0-E11B11F0E89E}.Release|Mixed Platforms.ActiveCfg = Release|Any CPU
		{0209F0E2-B770-4F5D-84D0-E11B11F0E89E}.Release|Mixed Platforms.Build.0 = Release|Any CPU
		{0209F0E2-B770-4F5D-84D0-E11B11F0E89E}.Release|x86.ActiveCfg = Release|x86
		{0209F0E2-B770-4F5D-84D0-E11B11F0E89E}.Release|x86.Build.0 = Release|x86
		{534F7428-D8F0-4FC5-B701-EB6BE3C21CE7}.Debug|Any CPU.ActiveCfg = Debug|Any CPU
		{534F7428-D8F0-4FC5-B701-EB6BE3C21CE7}.Debug|Any CPU.Build.0 = Debug|Any CPU
		{534F7428-D8F0-4FC5-B701-EB6BE3C21CE7}.Debug|Mixed Platforms.ActiveCfg = Debug|Any CPU
		{534F7428-D8F0-4FC5-B701-EB6BE3C21CE7}.Debug|Mixed Platforms.Build.0 = Debug|Any CPU
		{534F7428-D8F0-4FC5-B701-EB6BE3C21CE7}.Debug|x86.ActiveCfg = Debug|x86
		{534F7428-D8F0-4FC5-B701-EB6BE3C21CE7}.Debug|x86.Build.0 = Debug|x86
		{534F7428-D8F0-4FC5-B701-EB6BE3C21CE7}.Release|Any CPU.ActiveCfg = Release|Any CPU
		{534F7428-D8F0-4FC5-B701-EB6BE3C21CE7}.Release|Any CPU.Build.0 = Release|Any CPU
		{534F7428-D8F0-4FC5-B701-EB6BE3C21CE7}.Release|Mixed Platforms.ActiveCfg = Release|Any CPU
		{534F7428-D8F0-4FC5-B701-EB6BE3C21CE7}.Release|Mixed Platforms.Build.0 = Release|Any CPU
		{534F7428-D8F0-4FC5-B701-EB6BE3C21CE7}.Release|x86.ActiveCfg = Release|x86
		{534F7428-D8F0-4FC5-B701-EB6BE3C21CE7}.Release|x86.Build.0 = Release|x86
		{78F3C1F4-924B-4D8B-AAEE-9EB63D56746D}.Debug|Any CPU.ActiveCfg = Debug|Any CPU
		{78F3C1F4-924B-4D8B-AAEE-9EB63D56746D}.Debug|Any CPU.Build.0 = Debug|Any CPU
		{78F3C1F4-924B-4D8B-AAEE-9EB63D56746D}.Debug|Mixed Platforms.ActiveCfg = Debug|Any CPU
		{78F3C1F4-924B-4D8B-AAEE-9EB63D56746D}.Debug|Mixed Platforms.Build.0 = Debug|Any CPU
		{78F3C1F4-924B-4D8B-AAEE-9EB63D56746D}.Debug|x86.ActiveCfg = Debug|x86
		{78F3C1F4-924B-4D8B-AAEE-9EB63D56746D}.Debug|x86.Build.0 = Debug|x86
		{78F3C1F4-924B-4D8B-AAEE-9EB63D56746D}.Release|Any CPU.ActiveCfg = Release|Any CPU
		{78F3C1F4-924B-4D8B-AAEE-9EB63D56746D}.Release|Any CPU.Build.0 = Release|Any CPU
		{78F3C1F4-924B-4D8B-AAEE-9EB63D56746D}.Release|Mixed Platforms.ActiveCfg = Release|Any CPU
		{78F3C1F4-924B-4D8B-AAEE-9EB63D56746D}.Release|Mixed Platforms.Build.0 = Release|Any CPU
		{78F3C1F4-924B-4D8B-AAEE-9EB63D56746D}.Release|x86.ActiveCfg = Release|x86
		{78F3C1F4-924B-4D8B-AAEE-9EB63D56746D}.Release|x86.Build.0 = Release|x86
		{2C7FE5EE-B771-4252-9B3F-14798ABC6066}.Debug|Any CPU.ActiveCfg = Debug|Any CPU
		{2C7FE5EE-B771-4252-9B3F-14798ABC6066}.Debug|Any CPU.Build.0 = Debug|Any CPU
		{2C7FE5EE-B771-4252-9B3F-14798ABC6066}.Debug|Mixed Platforms.ActiveCfg = Debug|Any CPU
		{2C7FE5EE-B771-4252-9B3F-14798ABC6066}.Debug|Mixed Platforms.Build.0 = Debug|Any CPU
		{2C7FE5EE-B771-4252-9B3F-14798ABC6066}.Debug|x86.ActiveCfg = Debug|x86
		{2C7FE5EE-B771-4252-9B3F-14798ABC6066}.Debug|x86.Build.0 = Debug|x86
		{2C7FE5EE-B771-4252-9B3F-14798ABC6066}.Release|Any CPU.ActiveCfg = Release|Any CPU
		{2C7FE5EE-B771-4252-9B3F-14798ABC6066}.Release|Any CPU.Build.0 = Release|Any CPU
		{2C7FE5EE-B771-4252-9B3F-14798ABC6066}.Release|Mixed Platforms.ActiveCfg = Release|Any CPU
		{2C7FE5EE-B771-4252-9B3F-14798ABC6066}.Release|Mixed Platforms.Build.0 = Release|Any CPU
		{2C7FE5EE-B771-4252-9B3F-14798ABC6066}.Release|x86.ActiveCfg = Release|x86
		{2C7FE5EE-B771-4252-9B3F-14798ABC6066}.Release|x86.Build.0 = Release|x86
		{FD534B17-7334-46F1-B53B-D56B544B1D36}.Debug|Any CPU.ActiveCfg = Debug|Any CPU
		{FD534B17-7334-46F1-B53B-D56B544B1D36}.Debug|Any CPU.Build.0 = Debug|Any CPU
		{FD534B17-7334-46F1-B53B-D56B544B1D36}.Debug|Mixed Platforms.ActiveCfg = Debug|Any CPU
		{FD534B17-7334-46F1-B53B-D56B544B1D36}.Debug|Mixed Platforms.Build.0 = Debug|Any CPU
		{FD534B17-7334-46F1-B53B-D56B544B1D36}.Debug|x86.ActiveCfg = Debug|x86
		{FD534B17-7334-46F1-B53B-D56B544B1D36}.Debug|x86.Build.0 = Debug|x86
		{FD534B17-7334-46F1-B53B-D56B544B1D36}.Release|Any CPU.ActiveCfg = Release|Any CPU
		{FD534B17-7334-46F1-B53B-D56B544B1D36}.Release|Any CPU.Build.0 = Release|Any CPU
		{FD534B17-7334-46F1-B53B-D56B544B1D36}.Release|Mixed Platforms.ActiveCfg = Release|Any CPU
		{FD534B17-7334-46F1-B53B-D56B544B1D36}.Release|Mixed Platforms.Build.0 = Release|Any CPU
		{FD534B17-7334-46F1-B53B-D56B544B1D36}.Release|x86.ActiveCfg = Release|x86
		{FD534B17-7334-46F1-B53B-D56B544B1D36}.Release|x86.Build.0 = Release|x86
		{1B35694E-72ED-4F07-AF2F-9E2BC9A4BD17}.Debug|Any CPU.ActiveCfg = Debug|Any CPU
		{1B35694E-72ED-4F07-AF2F-9E2BC9A4BD17}.Debug|Any CPU.Build.0 = Debug|Any CPU
		{1B35694E-72ED-4F07-AF2F-9E2BC9A4BD17}.Debug|Mixed Platforms.ActiveCfg = Debug|Any CPU
		{1B35694E-72ED-4F07-AF2F-9E2BC9A4BD17}.Debug|Mixed Platforms.Build.0 = Debug|Any CPU
		{1B35694E-72ED-4F07-AF2F-9E2BC9A4BD17}.Debug|x86.ActiveCfg = Debug|x86
		{1B35694E-72ED-4F07-AF2F-9E2BC9A4BD17}.Debug|x86.Build.0 = Debug|x86
		{1B35694E-72ED-4F07-AF2F-9E2BC9A4BD17}.Release|Any CPU.ActiveCfg = Release|Any CPU
		{1B35694E-72ED-4F07-AF2F-9E2BC9A4BD17}.Release|Any CPU.Build.0 = Release|Any CPU
		{1B35694E-72ED-4F07-AF2F-9E2BC9A4BD17}.Release|Mixed Platforms.ActiveCfg = Release|Any CPU
		{1B35694E-72ED-4F07-AF2F-9E2BC9A4BD17}.Release|Mixed Platforms.Build.0 = Release|Any CPU
		{1B35694E-72ED-4F07-AF2F-9E2BC9A4BD17}.Release|x86.ActiveCfg = Release|x86
		{1B35694E-72ED-4F07-AF2F-9E2BC9A4BD17}.Release|x86.Build.0 = Release|x86
		{EEB4980D-378E-4C5D-8FCF-0D39F11AFCF2}.Debug|Any CPU.ActiveCfg = Debug|Any CPU
		{EEB4980D-378E-4C5D-8FCF-0D39F11AFCF2}.Debug|Any CPU.Build.0 = Debug|Any CPU
		{EEB4980D-378E-4C5D-8FCF-0D39F11AFCF2}.Debug|Mixed Platforms.ActiveCfg = Debug|Any CPU
		{EEB4980D-378E-4C5D-8FCF-0D39F11AFCF2}.Debug|Mixed Platforms.Build.0 = Debug|Any CPU
		{EEB4980D-378E-4C5D-8FCF-0D39F11AFCF2}.Debug|x86.ActiveCfg = Debug|x86
		{EEB4980D-378E-4C5D-8FCF-0D39F11AFCF2}.Debug|x86.Build.0 = Debug|x86
		{EEB4980D-378E-4C5D-8FCF-0D39F11AFCF2}.Release|Any CPU.ActiveCfg = Release|Any CPU
		{EEB4980D-378E-4C5D-8FCF-0D39F11AFCF2}.Release|Any CPU.Build.0 = Release|Any CPU
		{EEB4980D-378E-4C5D-8FCF-0D39F11AFCF2}.Release|Mixed Platforms.ActiveCfg = Release|Any CPU
		{EEB4980D-378E-4C5D-8FCF-0D39F11AFCF2}.Release|Mixed Platforms.Build.0 = Release|Any CPU
		{EEB4980D-378E-4C5D-8FCF-0D39F11AFCF2}.Release|x86.ActiveCfg = Release|x86
		{EEB4980D-378E-4C5D-8FCF-0D39F11AFCF2}.Release|x86.Build.0 = Release|x86
		{1A5F56AE-C03F-497C-866D-39E6EB93C826}.Debug|Any CPU.ActiveCfg = Debug|Any CPU
		{1A5F56AE-C03F-497C-866D-39E6EB93C826}.Debug|Any CPU.Build.0 = Debug|Any CPU
		{1A5F56AE-C03F-497C-866D-39E6EB93C826}.Debug|Mixed Platforms.ActiveCfg = Debug|Any CPU
		{1A5F56AE-C03F-497C-866D-39E6EB93C826}.Debug|Mixed Platforms.Build.0 = Debug|Any CPU
		{1A5F56AE-C03F-497C-866D-39E6EB93C826}.Debug|x86.ActiveCfg = Debug|x86
		{1A5F56AE-C03F-497C-866D-39E6EB93C826}.Debug|x86.Build.0 = Debug|x86
		{1A5F56AE-C03F-497C-866D-39E6EB93C826}.Release|Any CPU.ActiveCfg = Release|Any CPU
		{1A5F56AE-C03F-497C-866D-39E6EB93C826}.Release|Any CPU.Build.0 = Release|Any CPU
		{1A5F56AE-C03F-497C-866D-39E6EB93C826}.Release|Mixed Platforms.ActiveCfg = Release|Any CPU
		{1A5F56AE-C03F-497C-866D-39E6EB93C826}.Release|Mixed Platforms.Build.0 = Release|Any CPU
		{1A5F56AE-C03F-497C-866D-39E6EB93C826}.Release|x86.ActiveCfg = Release|x86
		{1A5F56AE-C03F-497C-866D-39E6EB93C826}.Release|x86.Build.0 = Release|x86
		{8CFE3205-5E3C-4F20-A5C3-4A2857E8E3F7}.Debug|Any CPU.ActiveCfg = Debug|Any CPU
		{8CFE3205-5E3C-4F20-A5C3-4A2857E8E3F7}.Debug|Any CPU.Build.0 = Debug|Any CPU
		{8CFE3205-5E3C-4F20-A5C3-4A2857E8E3F7}.Debug|Mixed Platforms.ActiveCfg = Debug|Any CPU
		{8CFE3205-5E3C-4F20-A5C3-4A2857E8E3F7}.Debug|Mixed Platforms.Build.0 = Debug|Any CPU
		{8CFE3205-5E3C-4F20-A5C3-4A2857E8E3F7}.Debug|x86.ActiveCfg = Debug|x86
		{8CFE3205-5E3C-4F20-A5C3-4A2857E8E3F7}.Debug|x86.Build.0 = Debug|x86
		{8CFE3205-5E3C-4F20-A5C3-4A2857E8E3F7}.Release|Any CPU.ActiveCfg = Release|Any CPU
		{8CFE3205-5E3C-4F20-A5C3-4A2857E8E3F7}.Release|Any CPU.Build.0 = Release|Any CPU
		{8CFE3205-5E3C-4F20-A5C3-4A2857E8E3F7}.Release|Mixed Platforms.ActiveCfg = Release|Any CPU
		{8CFE3205-5E3C-4F20-A5C3-4A2857E8E3F7}.Release|Mixed Platforms.Build.0 = Release|Any CPU
		{8CFE3205-5E3C-4F20-A5C3-4A2857E8E3F7}.Release|x86.ActiveCfg = Release|x86
		{8CFE3205-5E3C-4F20-A5C3-4A2857E8E3F7}.Release|x86.Build.0 = Release|x86
		{68FF3C2A-CEF7-4D91-A14E-53C8D64EF26A}.Debug|Any CPU.ActiveCfg = Debug|Any CPU
		{68FF3C2A-CEF7-4D91-A14E-53C8D64EF26A}.Debug|Any CPU.Build.0 = Debug|Any CPU
		{68FF3C2A-CEF7-4D91-A14E-53C8D64EF26A}.Debug|Mixed Platforms.ActiveCfg = Debug|Any CPU
		{68FF3C2A-CEF7-4D91-A14E-53C8D64EF26A}.Debug|Mixed Platforms.Build.0 = Debug|Any CPU
		{68FF3C2A-CEF7-4D91-A14E-53C8D64EF26A}.Debug|x86.ActiveCfg = Debug|x86
		{68FF3C2A-CEF7-4D91-A14E-53C8D64EF26A}.Debug|x86.Build.0 = Debug|x86
		{68FF3C2A-CEF7-4D91-A14E-53C8D64EF26A}.Release|Any CPU.ActiveCfg = Release|Any CPU
		{68FF3C2A-CEF7-4D91-A14E-53C8D64EF26A}.Release|Any CPU.Build.0 = Release|Any CPU
		{68FF3C2A-CEF7-4D91-A14E-53C8D64EF26A}.Release|Mixed Platforms.ActiveCfg = Release|Any CPU
		{68FF3C2A-CEF7-4D91-A14E-53C8D64EF26A}.Release|Mixed Platforms.Build.0 = Release|Any CPU
		{68FF3C2A-CEF7-4D91-A14E-53C8D64EF26A}.Release|x86.ActiveCfg = Release|x86
		{68FF3C2A-CEF7-4D91-A14E-53C8D64EF26A}.Release|x86.Build.0 = Release|x86
		{3840FAE7-5165-46F6-A768-FBA1E58B3133}.Debug|Any CPU.ActiveCfg = Debug|Any CPU
		{3840FAE7-5165-46F6-A768-FBA1E58B3133}.Debug|Any CPU.Build.0 = Debug|Any CPU
		{3840FAE7-5165-46F6-A768-FBA1E58B3133}.Debug|Mixed Platforms.ActiveCfg = Debug|Any CPU
		{3840FAE7-5165-46F6-A768-FBA1E58B3133}.Debug|Mixed Platforms.Build.0 = Debug|Any CPU
		{3840FAE7-5165-46F6-A768-FBA1E58B3133}.Debug|x86.ActiveCfg = Debug|x86
		{3840FAE7-5165-46F6-A768-FBA1E58B3133}.Debug|x86.Build.0 = Debug|x86
		{3840FAE7-5165-46F6-A768-FBA1E58B3133}.Release|Any CPU.ActiveCfg = Release|Any CPU
		{3840FAE7-5165-46F6-A768-FBA1E58B3133}.Release|Any CPU.Build.0 = Release|Any CPU
		{3840FAE7-5165-46F6-A768-FBA1E58B3133}.Release|Mixed Platforms.ActiveCfg = Release|Any CPU
		{3840FAE7-5165-46F6-A768-FBA1E58B3133}.Release|Mixed Platforms.Build.0 = Release|Any CPU
		{3840FAE7-5165-46F6-A768-FBA1E58B3133}.Release|x86.ActiveCfg = Release|x86
		{3840FAE7-5165-46F6-A768-FBA1E58B3133}.Release|x86.Build.0 = Release|x86
		{472F52E8-F6AA-492A-BD72-4AA0624E4E43}.Debug|Any CPU.ActiveCfg = Debug|Any CPU
		{472F52E8-F6AA-492A-BD72-4AA0624E4E43}.Debug|Any CPU.Build.0 = Debug|Any CPU
		{472F52E8-F6AA-492A-BD72-4AA0624E4E43}.Debug|Mixed Platforms.ActiveCfg = Debug|Any CPU
		{472F52E8-F6AA-492A-BD72-4AA0624E4E43}.Debug|Mixed Platforms.Build.0 = Debug|Any CPU
		{472F52E8-F6AA-492A-BD72-4AA0624E4E43}.Debug|x86.ActiveCfg = Debug|x86
		{472F52E8-F6AA-492A-BD72-4AA0624E4E43}.Debug|x86.Build.0 = Debug|x86
		{472F52E8-F6AA-492A-BD72-4AA0624E4E43}.Release|Any CPU.ActiveCfg = Release|Any CPU
		{472F52E8-F6AA-492A-BD72-4AA0624E4E43}.Release|Any CPU.Build.0 = Release|Any CPU
		{472F52E8-F6AA-492A-BD72-4AA0624E4E43}.Release|Mixed Platforms.ActiveCfg = Release|Any CPU
		{472F52E8-F6AA-492A-BD72-4AA0624E4E43}.Release|Mixed Platforms.Build.0 = Release|Any CPU
		{472F52E8-F6AA-492A-BD72-4AA0624E4E43}.Release|x86.ActiveCfg = Release|x86
		{472F52E8-F6AA-492A-BD72-4AA0624E4E43}.Release|x86.Build.0 = Release|x86
		{3A2B17F1-9A73-49A5-A27E-64338DA102E2}.Debug|Any CPU.ActiveCfg = Debug|Any CPU
		{3A2B17F1-9A73-49A5-A27E-64338DA102E2}.Debug|Any CPU.Build.0 = Debug|Any CPU
		{3A2B17F1-9A73-49A5-A27E-64338DA102E2}.Debug|Mixed Platforms.ActiveCfg = Debug|Any CPU
		{3A2B17F1-9A73-49A5-A27E-64338DA102E2}.Debug|Mixed Platforms.Build.0 = Debug|Any CPU
		{3A2B17F1-9A73-49A5-A27E-64338DA102E2}.Debug|x86.ActiveCfg = Debug|x86
		{3A2B17F1-9A73-49A5-A27E-64338DA102E2}.Debug|x86.Build.0 = Debug|x86
		{3A2B17F1-9A73-49A5-A27E-64338DA102E2}.Release|Any CPU.ActiveCfg = Release|Any CPU
		{3A2B17F1-9A73-49A5-A27E-64338DA102E2}.Release|Any CPU.Build.0 = Release|Any CPU
		{3A2B17F1-9A73-49A5-A27E-64338DA102E2}.Release|Mixed Platforms.ActiveCfg = Release|Any CPU
		{3A2B17F1-9A73-49A5-A27E-64338DA102E2}.Release|Mixed Platforms.Build.0 = Release|Any CPU
		{3A2B17F1-9A73-49A5-A27E-64338DA102E2}.Release|x86.ActiveCfg = Release|x86
		{3A2B17F1-9A73-49A5-A27E-64338DA102E2}.Release|x86.Build.0 = Release|x86
		{2D9CA61A-8188-4803-ADC2-915C053D33F0}.Debug|Any CPU.ActiveCfg = Debug|Any CPU
		{2D9CA61A-8188-4803-ADC2-915C053D33F0}.Debug|Any CPU.Build.0 = Debug|Any CPU
		{2D9CA61A-8188-4803-ADC2-915C053D33F0}.Debug|Mixed Platforms.ActiveCfg = Debug|Any CPU
		{2D9CA61A-8188-4803-ADC2-915C053D33F0}.Debug|Mixed Platforms.Build.0 = Debug|Any CPU
		{2D9CA61A-8188-4803-ADC2-915C053D33F0}.Debug|x86.ActiveCfg = Debug|x86
		{2D9CA61A-8188-4803-ADC2-915C053D33F0}.Debug|x86.Build.0 = Debug|x86
		{2D9CA61A-8188-4803-ADC2-915C053D33F0}.Release|Any CPU.ActiveCfg = Release|Any CPU
		{2D9CA61A-8188-4803-ADC2-915C053D33F0}.Release|Any CPU.Build.0 = Release|Any CPU
		{2D9CA61A-8188-4803-ADC2-915C053D33F0}.Release|Mixed Platforms.ActiveCfg = Release|Any CPU
		{2D9CA61A-8188-4803-ADC2-915C053D33F0}.Release|Mixed Platforms.Build.0 = Release|Any CPU
		{2D9CA61A-8188-4803-ADC2-915C053D33F0}.Release|x86.ActiveCfg = Release|x86
		{2D9CA61A-8188-4803-ADC2-915C053D33F0}.Release|x86.Build.0 = Release|x86
		{121370F2-8520-4080-892F-908665B7D186}.Debug|Any CPU.ActiveCfg = Debug|Any CPU
		{121370F2-8520-4080-892F-908665B7D186}.Debug|Any CPU.Build.0 = Debug|Any CPU
		{121370F2-8520-4080-892F-908665B7D186}.Debug|Mixed Platforms.ActiveCfg = Debug|Any CPU
		{121370F2-8520-4080-892F-908665B7D186}.Debug|Mixed Platforms.Build.0 = Debug|Any CPU
		{121370F2-8520-4080-892F-908665B7D186}.Debug|x86.ActiveCfg = Debug|x86
		{121370F2-8520-4080-892F-908665B7D186}.Debug|x86.Build.0 = Debug|x86
		{121370F2-8520-4080-892F-908665B7D186}.Release|Any CPU.ActiveCfg = Release|Any CPU
		{121370F2-8520-4080-892F-908665B7D186}.Release|Any CPU.Build.0 = Release|Any CPU
		{121370F2-8520-4080-892F-908665B7D186}.Release|Mixed Platforms.ActiveCfg = Release|Any CPU
		{121370F2-8520-4080-892F-908665B7D186}.Release|Mixed Platforms.Build.0 = Release|Any CPU
		{121370F2-8520-4080-892F-908665B7D186}.Release|x86.ActiveCfg = Release|x86
		{121370F2-8520-4080-892F-908665B7D186}.Release|x86.Build.0 = Release|x86
		{4105EE87-3B0E-4A38-8679-AC17A4EBB424}.Debug|Any CPU.ActiveCfg = Debug|Any CPU
		{4105EE87-3B0E-4A38-8679-AC17A4EBB424}.Debug|Any CPU.Build.0 = Debug|Any CPU
		{4105EE87-3B0E-4A38-8679-AC17A4EBB424}.Debug|Mixed Platforms.ActiveCfg = Debug|Any CPU
		{4105EE87-3B0E-4A38-8679-AC17A4EBB424}.Debug|Mixed Platforms.Build.0 = Debug|Any CPU
		{4105EE87-3B0E-4A38-8679-AC17A4EBB424}.Debug|x86.ActiveCfg = Debug|x86
		{4105EE87-3B0E-4A38-8679-AC17A4EBB424}.Debug|x86.Build.0 = Debug|x86
		{4105EE87-3B0E-4A38-8679-AC17A4EBB424}.Release|Any CPU.ActiveCfg = Release|Any CPU
		{4105EE87-3B0E-4A38-8679-AC17A4EBB424}.Release|Any CPU.Build.0 = Release|Any CPU
		{4105EE87-3B0E-4A38-8679-AC17A4EBB424}.Release|Mixed Platforms.ActiveCfg = Release|Any CPU
		{4105EE87-3B0E-4A38-8679-AC17A4EBB424}.Release|Mixed Platforms.Build.0 = Release|Any CPU
		{4105EE87-3B0E-4A38-8679-AC17A4EBB424}.Release|x86.ActiveCfg = Release|x86
		{4105EE87-3B0E-4A38-8679-AC17A4EBB424}.Release|x86.Build.0 = Release|x86
		{BC867583-26EA-45FB-A40E-35AFBA560F83}.Debug|Any CPU.ActiveCfg = Debug|Any CPU
		{BC867583-26EA-45FB-A40E-35AFBA560F83}.Debug|Any CPU.Build.0 = Debug|Any CPU
		{BC867583-26EA-45FB-A40E-35AFBA560F83}.Debug|Mixed Platforms.ActiveCfg = Debug|Any CPU
		{BC867583-26EA-45FB-A40E-35AFBA560F83}.Debug|Mixed Platforms.Build.0 = Debug|Any CPU
		{BC867583-26EA-45FB-A40E-35AFBA560F83}.Debug|x86.ActiveCfg = Debug|x86
		{BC867583-26EA-45FB-A40E-35AFBA560F83}.Debug|x86.Build.0 = Debug|x86
		{BC867583-26EA-45FB-A40E-35AFBA560F83}.Release|Any CPU.ActiveCfg = Release|Any CPU
		{BC867583-26EA-45FB-A40E-35AFBA560F83}.Release|Any CPU.Build.0 = Release|Any CPU
		{BC867583-26EA-45FB-A40E-35AFBA560F83}.Release|Mixed Platforms.ActiveCfg = Release|Any CPU
		{BC867583-26EA-45FB-A40E-35AFBA560F83}.Release|Mixed Platforms.Build.0 = Release|Any CPU
		{BC867583-26EA-45FB-A40E-35AFBA560F83}.Release|x86.ActiveCfg = Release|x86
		{BC867583-26EA-45FB-A40E-35AFBA560F83}.Release|x86.Build.0 = Release|x86
		{7ACA248B-7BAE-4FB4-9EA1-FCE58F1F32C6}.Debug|Any CPU.ActiveCfg = Debug|Any CPU
		{7ACA248B-7BAE-4FB4-9EA1-FCE58F1F32C6}.Debug|Any CPU.Build.0 = Debug|Any CPU
		{7ACA248B-7BAE-4FB4-9EA1-FCE58F1F32C6}.Debug|Mixed Platforms.ActiveCfg = Debug|Any CPU
		{7ACA248B-7BAE-4FB4-9EA1-FCE58F1F32C6}.Debug|Mixed Platforms.Build.0 = Debug|Any CPU
		{7ACA248B-7BAE-4FB4-9EA1-FCE58F1F32C6}.Debug|x86.ActiveCfg = Debug|x86
		{7ACA248B-7BAE-4FB4-9EA1-FCE58F1F32C6}.Debug|x86.Build.0 = Debug|x86
		{7ACA248B-7BAE-4FB4-9EA1-FCE58F1F32C6}.Release|Any CPU.ActiveCfg = Release|Any CPU
		{7ACA248B-7BAE-4FB4-9EA1-FCE58F1F32C6}.Release|Any CPU.Build.0 = Release|Any CPU
		{7ACA248B-7BAE-4FB4-9EA1-FCE58F1F32C6}.Release|Mixed Platforms.ActiveCfg = Release|Any CPU
		{7ACA248B-7BAE-4FB4-9EA1-FCE58F1F32C6}.Release|Mixed Platforms.Build.0 = Release|Any CPU
		{7ACA248B-7BAE-4FB4-9EA1-FCE58F1F32C6}.Release|x86.ActiveCfg = Release|x86
		{7ACA248B-7BAE-4FB4-9EA1-FCE58F1F32C6}.Release|x86.Build.0 = Release|x86
		{C05C1848-E8B8-4458-A213-336169262373}.Debug|Any CPU.ActiveCfg = Debug|Any CPU
		{C05C1848-E8B8-4458-A213-336169262373}.Debug|Any CPU.Build.0 = Debug|Any CPU
		{C05C1848-E8B8-4458-A213-336169262373}.Debug|Mixed Platforms.ActiveCfg = Debug|Any CPU
		{C05C1848-E8B8-4458-A213-336169262373}.Debug|Mixed Platforms.Build.0 = Debug|Any CPU
		{C05C1848-E8B8-4458-A213-336169262373}.Debug|x86.ActiveCfg = Debug|x86
		{C05C1848-E8B8-4458-A213-336169262373}.Debug|x86.Build.0 = Debug|x86
		{C05C1848-E8B8-4458-A213-336169262373}.Release|Any CPU.ActiveCfg = Release|Any CPU
		{C05C1848-E8B8-4458-A213-336169262373}.Release|Any CPU.Build.0 = Release|Any CPU
		{C05C1848-E8B8-4458-A213-336169262373}.Release|Mixed Platforms.ActiveCfg = Release|Any CPU
		{C05C1848-E8B8-4458-A213-336169262373}.Release|Mixed Platforms.Build.0 = Release|Any CPU
		{C05C1848-E8B8-4458-A213-336169262373}.Release|x86.ActiveCfg = Release|x86
		{C05C1848-E8B8-4458-A213-336169262373}.Release|x86.Build.0 = Release|x86
		{E1F9EAD0-730B-44D0-B77B-7D3679D40CD9}.Debug|Any CPU.ActiveCfg = Debug|x86
		{E1F9EAD0-730B-44D0-B77B-7D3679D40CD9}.Debug|Mixed Platforms.ActiveCfg = Debug|x86
		{E1F9EAD0-730B-44D0-B77B-7D3679D40CD9}.Debug|Mixed Platforms.Build.0 = Debug|x86
		{E1F9EAD0-730B-44D0-B77B-7D3679D40CD9}.Debug|x86.ActiveCfg = Debug|x86
		{E1F9EAD0-730B-44D0-B77B-7D3679D40CD9}.Debug|x86.Build.0 = Debug|x86
		{E1F9EAD0-730B-44D0-B77B-7D3679D40CD9}.Release|Any CPU.ActiveCfg = Release|x86
		{E1F9EAD0-730B-44D0-B77B-7D3679D40CD9}.Release|Mixed Platforms.ActiveCfg = Release|x86
		{E1F9EAD0-730B-44D0-B77B-7D3679D40CD9}.Release|Mixed Platforms.Build.0 = Release|x86
		{E1F9EAD0-730B-44D0-B77B-7D3679D40CD9}.Release|x86.ActiveCfg = Release|x86
		{E1F9EAD0-730B-44D0-B77B-7D3679D40CD9}.Release|x86.Build.0 = Release|x86
	EndGlobalSection
	GlobalSection(SolutionProperties) = preSolution
		HideSolutionNode = FALSE
	EndGlobalSection
EndGlobal
